lockfileVersion: '9.0'

settings:
  autoInstallPeers: true
  excludeLinksFromLockfile: false

importers:

  .:
    dependencies:
      bricabrac-single-file-modules:
        specifier: ^0.7.0
        version: 0.7.0

packages:

  bricabrac-single-file-modules@0.7.0:
    resolution: {integrity: sha512-CrCRHORvw3zP+KhYvJT+5Bo69nDwtjCBlCZrV1Wj9tvAghpUSGipC6PxenVTG6hW88C9M+tH1auTZpdDyIDuPQ==}

snapshots:

  bricabrac-single-file-modules@0.7.0: {}
